
Microsoft Visual Studio Solution File, Format Version 12.00
# Visual Studio Version 16
VisualStudioVersion = 16.0.29911.84
MinimumVisualStudioVersion = 10.0.40219.1
Project("{FAE04EC0-301F-11D3-BF4B-00C04F79EFBC}") = "MAINTENANCE WAREHOUSE", "MAINTENANCE WAREHOUSE\MAINTENANCE WAREHOUSE.csproj", "{894F96E2-A31E-4648-A69D-4488EC32AFF9}"
EndProject
Global
	GlobalSection(SolutionConfigurationPlatforms) = preSolution
		Debug|Any CPU = Debug|Any CPU
		Release|Any CPU = Release|Any CPU
	EndGlobalSection
	GlobalSection(ProjectConfigurationPlatforms) = postSolution
		{894F96E2-A31E-4648-A69D-4488EC32AFF9}.Debug|Any CPU.ActiveCfg = Debug|Any CPU
		{894F96E2-A31E-4648-A69D-4488EC32AFF9}.Debug|Any CPU.Build.0 = Debug|Any CPU
		{894F96E2-A31E-4648-A69D-4488EC32AFF9}.Release|Any CPU.ActiveCfg = Release|Any CPU
		{894F96E2-A31E-4648-A69D-4488EC32AFF9}.Release|Any CPU.Build.0 = Release|Any CPU
	EndGlobalSection
	GlobalSection(SolutionProperties) = preSolution
		HideSolutionNode = FALSE
	EndGlobalSection
	GlobalSection(ExtensibilityGlobals) = postSolution
		SolutionGuid = {EDA4F090-72DB-4CF4-9BC9-377A0025FF10}
	EndGlobalSection
EndGlobal
